
Microsoft Visual Studio Solution File, Format Version 12.00
# Visual Studio Version 16
VisualStudioVersion = 16.0.30011.22
MinimumVisualStudioVersion = 10.0.40219.1
Project("{FAE04EC0-301F-11D3-BF4B-00C04F79EFBC}") = "guiApp", "guiApp.csproj", "{76A2C652-ED80-486A-8CBB-6723AEB331DC}"
EndProject
Global
	GlobalSection(SolutionConfigurationPlatforms) = preSolution
		Debug|Any CPU = Debug|Any CPU
		Debug|ARM = Debug|ARM
		Debug|ARM64 = Debug|ARM64
		Debug|x64 = Debug|x64
		Debug|x86 = Debug|x86
		Release|Any CPU = Release|Any CPU
		Release|ARM = Release|ARM
		Release|ARM64 = Release|ARM64
		Release|x64 = Release|x64
		Release|x86 = Release|x86
	EndGlobalSection
	GlobalSection(ProjectConfigurationPlatforms) = postSolution
		{76A2C652-ED80-486A-8CBB-6723AEB331DC}.Debug|Any CPU.ActiveCfg = Debug|x86
		{76A2C652-ED80-486A-8CBB-6723AEB331DC}.Debug|ARM.ActiveCfg = Debug|ARM
		{76A2C652-ED80-486A-8CBB-6723AEB331DC}.Debug|ARM.Build.0 = Debug|ARM
		{76A2C652-ED80-486A-8CBB-6723AEB331DC}.Debug|ARM.Deploy.0 = Debug|ARM
		{76A2C652-ED80-486A-8CBB-6723AEB331DC}.Debug|ARM64.ActiveCfg = Debug|ARM64
		{76A2C652-ED80-486A-8CBB-6723AEB331DC}.Debug|ARM64.Build.0 = Debug|ARM64
		{76A2C652-ED80-486A-8CBB-6723AEB331DC}.Debug|ARM64.Deploy.0 = Debug|ARM64
		{76A2C652-ED80-486A-8CBB-6723AEB331DC}.Debug|x64.ActiveCfg = Debug|x64
		{76A2C652-ED80-486A-8CBB-6723AEB331DC}.Debug|x64.Build.0 = Debug|x64
		{76A2C652-ED80-486A-8CBB-6723AEB331DC}.Debug|x64.Deploy.0 = Debug|x64
		{76A2C652-ED80-486A-8CBB-6723AEB331DC}.Debug|x86.ActiveCfg = Debug|x86
		{76A2C652-ED80-486A-8CBB-6723AEB331DC}.Debug|x86.Build.0 = Debug|x86
		{76A2C652-ED80-486A-8CBB-6723AEB331DC}.Debug|x86.Deploy.0 = Debug|x86
		{76A2C652-ED80-486A-8CBB-6723AEB331DC}.Release|Any CPU.ActiveCfg = Release|x86
		{76A2C652-ED80-486A-8CBB-6723AEB331DC}.Release|ARM.ActiveCfg = Release|ARM
		{76A2C652-ED80-486A-8CBB-6723AEB331DC}.Release|ARM.Build.0 = Release|ARM
		{76A2C652-ED80-486A-8CBB-6723AEB331DC}.Release|ARM.Deploy.0 = Release|ARM
		{76A2C652-ED80-486A-8CBB-6723AEB331DC}.Release|ARM64.ActiveCfg = Release|ARM64
		{76A2C652-ED80-486A-8CBB-6723AEB331DC}.Release|ARM64.Build.0 = Release|ARM64
		{76A2C652-ED80-486A-8CBB-6723AEB331DC}.Release|ARM64.Deploy.0 = Release|ARM64
		{76A2C652-ED80-486A-8CBB-6723AEB331DC}.Release|x64.ActiveCfg = Release|x64
		{76A2C652-ED80-486A-8CBB-6723AEB331DC}.Release|x64.Build.0 = Release|x64
		{76A2C652-ED80-486A-8CBB-6723AEB331DC}.Release|x64.Deploy.0 = Release|x64
		{76A2C652-ED80-486A-8CBB-6723AEB331DC}.Release|x86.ActiveCfg = Release|x86
		{76A2C652-ED80-486A-8CBB-6723AEB331DC}.Release|x86.Build.0 = Release|x86
		{76A2C652-ED80-486A-8CBB-6723AEB331DC}.Release|x86.Deploy.0 = Release|x86
	EndGlobalSection
	GlobalSection(SolutionProperties) = preSolution
		HideSolutionNode = FALSE
	EndGlobalSection
	GlobalSection(ExtensibilityGlobals) = postSolution
		SolutionGuid = {605E273B-9E7A-4E95-AA18-F0DB5AF9EE4D}
	EndGlobalSection
EndGlobal
