
Microsoft Visual Studio Solution File, Format Version 12.00
# Visual Studio Version 16
VisualStudioVersion = 16.0.29920.165
MinimumVisualStudioVersion = 10.0.40219.1
Project("{8BC9CEB8-8B4A-11D0-8D11-00A0C91BC942}") = "Main", "Main\Main.vcxproj", "{BA82920A-17E1-4DC9-8F52-0D1DDC38FF17}"
EndProject
Project("{8BC9CEB8-8B4A-11D0-8D11-00A0C91BC942}") = "Parsers", "Parsers\Parsers.vcxproj", "{AE6EBFCF-F4C4-40C9-97E5-4312FAD5588D}"
EndProject
Global
	GlobalSection(SolutionConfigurationPlatforms) = preSolution
		Debug|x64 = Debug|x64
		Debug|x86 = Debug|x86
		Release|x64 = Release|x64
		Release|x86 = Release|x86
	EndGlobalSection
	GlobalSection(ProjectConfigurationPlatforms) = postSolution
		{BA82920A-17E1-4DC9-8F52-0D1DDC38FF17}.Debug|x64.ActiveCfg = Debug|x64
		{BA82920A-17E1-4DC9-8F52-0D1DDC38FF17}.Debug|x64.Build.0 = Debug|x64
		{BA82920A-17E1-4DC9-8F52-0D1DDC38FF17}.Debug|x86.ActiveCfg = Debug|Win32
		{BA82920A-17E1-4DC9-8F52-0D1DDC38FF17}.Debug|x86.Build.0 = Debug|Win32
		{BA82920A-17E1-4DC9-8F52-0D1DDC38FF17}.Release|x64.ActiveCfg = Release|x64
		{BA82920A-17E1-4DC9-8F52-0D1DDC38FF17}.Release|x64.Build.0 = Release|x64
		{BA82920A-17E1-4DC9-8F52-0D1DDC38FF17}.Release|x86.ActiveCfg = Release|Win32
		{BA82920A-17E1-4DC9-8F52-0D1DDC38FF17}.Release|x86.Build.0 = Release|Win32
		{AE6EBFCF-F4C4-40C9-97E5-4312FAD5588D}.Debug|x64.ActiveCfg = Debug|x64
		{AE6EBFCF-F4C4-40C9-97E5-4312FAD5588D}.Debug|x64.Build.0 = Debug|x64
		{AE6EBFCF-F4C4-40C9-97E5-4312FAD5588D}.Debug|x86.ActiveCfg = Debug|Win32
		{AE6EBFCF-F4C4-40C9-97E5-4312FAD5588D}.Debug|x86.Build.0 = Debug|Win32
		{AE6EBFCF-F4C4-40C9-97E5-4312FAD5588D}.Release|x64.ActiveCfg = Release|x64
		{AE6EBFCF-F4C4-40C9-97E5-4312FAD5588D}.Release|x64.Build.0 = Release|x64
		{AE6EBFCF-F4C4-40C9-97E5-4312FAD5588D}.Release|x86.ActiveCfg = Release|Win32
		{AE6EBFCF-F4C4-40C9-97E5-4312FAD5588D}.Release|x86.Build.0 = Release|Win32
	EndGlobalSection
	GlobalSection(SolutionProperties) = preSolution
		HideSolutionNode = FALSE
	EndGlobalSection
	GlobalSection(ExtensibilityGlobals) = postSolution
		SolutionGuid = {4C70BE0F-F023-4190-9DB8-1D4A70EFFC39}
	EndGlobalSection
EndGlobal
