
Microsoft Visual Studio Solution File, Format Version 12.00
# Visual Studio Version 16
VisualStudioVersion = 16.0.29920.165
MinimumVisualStudioVersion = 10.0.40219.1
Project("{8BC9CEB8-8B4A-11D0-8D11-00A0C91BC942}") = "Top", "Top.vcxproj", "{198C63A3-5885-466F-9B45-4483472D09D1}"
EndProject
Project("{8BC9CEB8-8B4A-11D0-8D11-00A0C91BC942}") = "Test_Loading_Dll", "..\..\..\..\..\..\..\..\..\Users\Austin\source\repos\Test_Loading_Dll\Test_Loading_Dll.vcxproj", "{CA7AA658-93FA-4B85-8641-49C37AF4D9CA}"
EndProject
Project("{8BC9CEB8-8B4A-11D0-8D11-00A0C91BC942}") = "dll_project", "..\..\..\..\..\..\..\..\..\Users\Austin\source\repos\dll_project\dll_project.vcxproj", "{7A8D7666-8A2C-490F-9619-C69A4090D83D}"
EndProject
Project("{8BC9CEB8-8B4A-11D0-8D11-00A0C91BC942}") = "xml_parser", "..\..\..\..\..\..\..\..\..\Users\Austin\source\repos\xml_parser\xml_parser.vcxproj", "{40062689-C999-405C-A7A6-7C580A47D38A}"
EndProject
Global
	GlobalSection(SolutionConfigurationPlatforms) = preSolution
		Debug|x64 = Debug|x64
		Debug|x86 = Debug|x86
		Release|x64 = Release|x64
		Release|x86 = Release|x86
	EndGlobalSection
	GlobalSection(ProjectConfigurationPlatforms) = postSolution
		{198C63A3-5885-466F-9B45-4483472D09D1}.Debug|x64.ActiveCfg = Debug|x64
		{198C63A3-5885-466F-9B45-4483472D09D1}.Debug|x64.Build.0 = Debug|x64
		{198C63A3-5885-466F-9B45-4483472D09D1}.Debug|x86.ActiveCfg = Debug|Win32
		{198C63A3-5885-466F-9B45-4483472D09D1}.Debug|x86.Build.0 = Debug|Win32
		{198C63A3-5885-466F-9B45-4483472D09D1}.Release|x64.ActiveCfg = Release|x64
		{198C63A3-5885-466F-9B45-4483472D09D1}.Release|x64.Build.0 = Release|x64
		{198C63A3-5885-466F-9B45-4483472D09D1}.Release|x86.ActiveCfg = Release|Win32
		{198C63A3-5885-466F-9B45-4483472D09D1}.Release|x86.Build.0 = Release|Win32
		{CA7AA658-93FA-4B85-8641-49C37AF4D9CA}.Debug|x64.ActiveCfg = Debug|x64
		{CA7AA658-93FA-4B85-8641-49C37AF4D9CA}.Debug|x64.Build.0 = Debug|x64
		{CA7AA658-93FA-4B85-8641-49C37AF4D9CA}.Debug|x86.ActiveCfg = Debug|Win32
		{CA7AA658-93FA-4B85-8641-49C37AF4D9CA}.Debug|x86.Build.0 = Debug|Win32
		{CA7AA658-93FA-4B85-8641-49C37AF4D9CA}.Release|x64.ActiveCfg = Release|x64
		{CA7AA658-93FA-4B85-8641-49C37AF4D9CA}.Release|x64.Build.0 = Release|x64
		{CA7AA658-93FA-4B85-8641-49C37AF4D9CA}.Release|x86.ActiveCfg = Release|Win32
		{CA7AA658-93FA-4B85-8641-49C37AF4D9CA}.Release|x86.Build.0 = Release|Win32
		{7A8D7666-8A2C-490F-9619-C69A4090D83D}.Debug|x64.ActiveCfg = Debug|x64
		{7A8D7666-8A2C-490F-9619-C69A4090D83D}.Debug|x64.Build.0 = Debug|x64
		{7A8D7666-8A2C-490F-9619-C69A4090D83D}.Debug|x86.ActiveCfg = Debug|Win32
		{7A8D7666-8A2C-490F-9619-C69A4090D83D}.Debug|x86.Build.0 = Debug|Win32
		{7A8D7666-8A2C-490F-9619-C69A4090D83D}.Release|x64.ActiveCfg = Release|x64
		{7A8D7666-8A2C-490F-9619-C69A4090D83D}.Release|x64.Build.0 = Release|x64
		{7A8D7666-8A2C-490F-9619-C69A4090D83D}.Release|x86.ActiveCfg = Release|Win32
		{7A8D7666-8A2C-490F-9619-C69A4090D83D}.Release|x86.Build.0 = Release|Win32
		{40062689-C999-405C-A7A6-7C580A47D38A}.Debug|x64.ActiveCfg = Debug|x64
		{40062689-C999-405C-A7A6-7C580A47D38A}.Debug|x64.Build.0 = Debug|x64
		{40062689-C999-405C-A7A6-7C580A47D38A}.Debug|x86.ActiveCfg = Debug|Win32
		{40062689-C999-405C-A7A6-7C580A47D38A}.Debug|x86.Build.0 = Debug|Win32
		{40062689-C999-405C-A7A6-7C580A47D38A}.Release|x64.ActiveCfg = Release|x64
		{40062689-C999-405C-A7A6-7C580A47D38A}.Release|x64.Build.0 = Release|x64
		{40062689-C999-405C-A7A6-7C580A47D38A}.Release|x86.ActiveCfg = Release|Win32
		{40062689-C999-405C-A7A6-7C580A47D38A}.Release|x86.Build.0 = Release|Win32
	EndGlobalSection
	GlobalSection(SolutionProperties) = preSolution
		HideSolutionNode = FALSE
	EndGlobalSection
	GlobalSection(ExtensibilityGlobals) = postSolution
		SolutionGuid = {DC35EF5A-CEF7-4BD9-9813-89AF338E48F1}
	EndGlobalSection
EndGlobal
